
Microsoft Visual Studio Solution File, Format Version 12.00
# Visual Studio Version 16
VisualStudioVersion = 16.0.30011.22
MinimumVisualStudioVersion = 10.0.40219.1
Project("{FAE04EC0-301F-11D3-BF4B-00C04F79EFBC}") = "Grach.Android", "Grach\Grach.Android\Grach.Android.csproj", "{ED719439-96B8-4A14-8E81-74453E8D5B7E}"
EndProject
Project("{FAE04EC0-301F-11D3-BF4B-00C04F79EFBC}") = "Grach.iOS", "Grach\Grach.iOS\Grach.iOS.csproj", "{E6450120-5275-408F-ACC2-607DD7F99F1E}"
EndProject
Project("{FAE04EC0-301F-11D3-BF4B-00C04F79EFBC}") = "Grach", "Grach\Grach\Grach.csproj", "{0C7455E0-93FE-421C-9C97-53527BF33FDF}"
EndProject
Project("{FAE04EC0-301F-11D3-BF4B-00C04F79EFBC}") = "Grach.Tests", "Grach.Tests\Grach.Tests.csproj", "{D22A3DBB-5890-49DA-BA0E-B030C9051B87}"
EndProject
Global
	GlobalSection(SolutionConfigurationPlatforms) = preSolution
		Debug|Any CPU = Debug|Any CPU
		Debug|iPhone = Debug|iPhone
		Debug|iPhoneSimulator = Debug|iPhoneSimulator
		Release|Any CPU = Release|Any CPU
		Release|iPhone = Release|iPhone
		Release|iPhoneSimulator = Release|iPhoneSimulator
		Release2|Any CPU = Release2|Any CPU
		Release2|iPhone = Release2|iPhone
		Release2|iPhoneSimulator = Release2|iPhoneSimulator
	EndGlobalSection
	GlobalSection(ProjectConfigurationPlatforms) = postSolution
		{ED719439-96B8-4A14-8E81-74453E8D5B7E}.Debug|Any CPU.ActiveCfg = Debug|Any CPU
		{ED719439-96B8-4A14-8E81-74453E8D5B7E}.Debug|Any CPU.Build.0 = Debug|Any CPU
		{ED719439-96B8-4A14-8E81-74453E8D5B7E}.Debug|Any CPU.Deploy.0 = Debug|Any CPU
		{ED719439-96B8-4A14-8E81-74453E8D5B7E}.Debug|iPhone.ActiveCfg = Debug|Any CPU
		{ED719439-96B8-4A14-8E81-74453E8D5B7E}.Debug|iPhone.Build.0 = Debug|Any CPU
		{ED719439-96B8-4A14-8E81-74453E8D5B7E}.Debug|iPhone.Deploy.0 = Debug|Any CPU
		{ED719439-96B8-4A14-8E81-74453E8D5B7E}.Debug|iPhoneSimulator.ActiveCfg = Debug|Any CPU
		{ED719439-96B8-4A14-8E81-74453E8D5B7E}.Debug|iPhoneSimulator.Build.0 = Debug|Any CPU
		{ED719439-96B8-4A14-8E81-74453E8D5B7E}.Debug|iPhoneSimulator.Deploy.0 = Debug|Any CPU
		{ED719439-96B8-4A14-8E81-74453E8D5B7E}.Release|Any CPU.ActiveCfg = Release|Any CPU
		{ED719439-96B8-4A14-8E81-74453E8D5B7E}.Release|Any CPU.Build.0 = Release|Any CPU
		{ED719439-96B8-4A14-8E81-74453E8D5B7E}.Release|Any CPU.Deploy.0 = Release|Any CPU
		{ED719439-96B8-4A14-8E81-74453E8D5B7E}.Release|iPhone.ActiveCfg = Release|Any CPU
		{ED719439-96B8-4A14-8E81-74453E8D5B7E}.Release|iPhone.Build.0 = Release|Any CPU
		{ED719439-96B8-4A14-8E81-74453E8D5B7E}.Release|iPhone.Deploy.0 = Release|Any CPU
		{ED719439-96B8-4A14-8E81-74453E8D5B7E}.Release|iPhoneSimulator.ActiveCfg = Release|Any CPU
		{ED719439-96B8-4A14-8E81-74453E8D5B7E}.Release|iPhoneSimulator.Build.0 = Release|Any CPU
		{ED719439-96B8-4A14-8E81-74453E8D5B7E}.Release|iPhoneSimulator.Deploy.0 = Release|Any CPU
		{ED719439-96B8-4A14-8E81-74453E8D5B7E}.Release2|Any CPU.ActiveCfg = Release2|Any CPU
		{ED719439-96B8-4A14-8E81-74453E8D5B7E}.Release2|Any CPU.Build.0 = Release2|Any CPU
		{ED719439-96B8-4A14-8E81-74453E8D5B7E}.Release2|Any CPU.Deploy.0 = Release2|Any CPU
		{ED719439-96B8-4A14-8E81-74453E8D5B7E}.Release2|iPhone.ActiveCfg = Release2|Any CPU
		{ED719439-96B8-4A14-8E81-74453E8D5B7E}.Release2|iPhone.Build.0 = Release2|Any CPU
		{ED719439-96B8-4A14-8E81-74453E8D5B7E}.Release2|iPhone.Deploy.0 = Release2|Any CPU
		{ED719439-96B8-4A14-8E81-74453E8D5B7E}.Release2|iPhoneSimulator.ActiveCfg = Release2|Any CPU
		{ED719439-96B8-4A14-8E81-74453E8D5B7E}.Release2|iPhoneSimulator.Build.0 = Release2|Any CPU
		{ED719439-96B8-4A14-8E81-74453E8D5B7E}.Release2|iPhoneSimulator.Deploy.0 = Release2|Any CPU
		{E6450120-5275-408F-ACC2-607DD7F99F1E}.Debug|Any CPU.ActiveCfg = Debug|iPhone
		{E6450120-5275-408F-ACC2-607DD7F99F1E}.Debug|Any CPU.Build.0 = Debug|iPhone
		{E6450120-5275-408F-ACC2-607DD7F99F1E}.Debug|Any CPU.Deploy.0 = Debug|iPhone
		{E6450120-5275-408F-ACC2-607DD7F99F1E}.Debug|iPhone.ActiveCfg = Debug|iPhone
		{E6450120-5275-408F-ACC2-607DD7F99F1E}.Debug|iPhone.Build.0 = Debug|iPhone
		{E6450120-5275-408F-ACC2-607DD7F99F1E}.Debug|iPhone.Deploy.0 = Debug|iPhone
		{E6450120-5275-408F-ACC2-607DD7F99F1E}.Debug|iPhoneSimulator.ActiveCfg = Debug|iPhoneSimulator
		{E6450120-5275-408F-ACC2-607DD7F99F1E}.Debug|iPhoneSimulator.Build.0 = Debug|iPhoneSimulator
		{E6450120-5275-408F-ACC2-607DD7F99F1E}.Debug|iPhoneSimulator.Deploy.0 = Debug|iPhoneSimulator
		{E6450120-5275-408F-ACC2-607DD7F99F1E}.Release|Any CPU.ActiveCfg = Release|iPhone
		{E6450120-5275-408F-ACC2-607DD7F99F1E}.Release|Any CPU.Build.0 = Release|iPhone
		{E6450120-5275-408F-ACC2-607DD7F99F1E}.Release|Any CPU.Deploy.0 = Release|iPhone
		{E6450120-5275-408F-ACC2-607DD7F99F1E}.Release|iPhone.ActiveCfg = Release|iPhone
		{E6450120-5275-408F-ACC2-607DD7F99F1E}.Release|iPhone.Build.0 = Release|iPhone
		{E6450120-5275-408F-ACC2-607DD7F99F1E}.Release|iPhone.Deploy.0 = Release|iPhone
		{E6450120-5275-408F-ACC2-607DD7F99F1E}.Release|iPhoneSimulator.ActiveCfg = Release|iPhoneSimulator
		{E6450120-5275-408F-ACC2-607DD7F99F1E}.Release|iPhoneSimulator.Build.0 = Release|iPhoneSimulator
		{E6450120-5275-408F-ACC2-607DD7F99F1E}.Release|iPhoneSimulator.Deploy.0 = Release|iPhoneSimulator
		{E6450120-5275-408F-ACC2-607DD7F99F1E}.Release2|Any CPU.ActiveCfg = Release2|iPhoneSimulator
		{E6450120-5275-408F-ACC2-607DD7F99F1E}.Release2|Any CPU.Build.0 = Release2|iPhoneSimulator
		{E6450120-5275-408F-ACC2-607DD7F99F1E}.Release2|Any CPU.Deploy.0 = Release2|iPhoneSimulator
		{E6450120-5275-408F-ACC2-607DD7F99F1E}.Release2|iPhone.ActiveCfg = Release2|iPhone
		{E6450120-5275-408F-ACC2-607DD7F99F1E}.Release2|iPhone.Build.0 = Release2|iPhone
		{E6450120-5275-408F-ACC2-607DD7F99F1E}.Release2|iPhone.Deploy.0 = Release2|iPhone
		{E6450120-5275-408F-ACC2-607DD7F99F1E}.Release2|iPhoneSimulator.ActiveCfg = Release2|iPhoneSimulator
		{E6450120-5275-408F-ACC2-607DD7F99F1E}.Release2|iPhoneSimulator.Build.0 = Release2|iPhoneSimulator
		{E6450120-5275-408F-ACC2-607DD7F99F1E}.Release2|iPhoneSimulator.Deploy.0 = Release2|iPhoneSimulator
		{0C7455E0-93FE-421C-9C97-53527BF33FDF}.Debug|Any CPU.ActiveCfg = Debug|Any CPU
		{0C7455E0-93FE-421C-9C97-53527BF33FDF}.Debug|Any CPU.Build.0 = Debug|Any CPU
		{0C7455E0-93FE-421C-9C97-53527BF33FDF}.Debug|Any CPU.Deploy.0 = Debug|Any CPU
		{0C7455E0-93FE-421C-9C97-53527BF33FDF}.Debug|iPhone.ActiveCfg = Debug|Any CPU
		{0C7455E0-93FE-421C-9C97-53527BF33FDF}.Debug|iPhone.Build.0 = Debug|Any CPU
		{0C7455E0-93FE-421C-9C97-53527BF33FDF}.Debug|iPhone.Deploy.0 = Debug|Any CPU
		{0C7455E0-93FE-421C-9C97-53527BF33FDF}.Debug|iPhoneSimulator.ActiveCfg = Debug|Any CPU
		{0C7455E0-93FE-421C-9C97-53527BF33FDF}.Debug|iPhoneSimulator.Build.0 = Debug|Any CPU
		{0C7455E0-93FE-421C-9C97-53527BF33FDF}.Debug|iPhoneSimulator.Deploy.0 = Debug|Any CPU
		{0C7455E0-93FE-421C-9C97-53527BF33FDF}.Release|Any CPU.ActiveCfg = Release|Any CPU
		{0C7455E0-93FE-421C-9C97-53527BF33FDF}.Release|Any CPU.Build.0 = Release|Any CPU
		{0C7455E0-93FE-421C-9C97-53527BF33FDF}.Release|Any CPU.Deploy.0 = Release|Any CPU
		{0C7455E0-93FE-421C-9C97-53527BF33FDF}.Release|iPhone.ActiveCfg = Release|Any CPU
		{0C7455E0-93FE-421C-9C97-53527BF33FDF}.Release|iPhone.Build.0 = Release|Any CPU
		{0C7455E0-93FE-421C-9C97-53527BF33FDF}.Release|iPhone.Deploy.0 = Release|Any CPU
		{0C7455E0-93FE-421C-9C97-53527BF33FDF}.Release|iPhoneSimulator.ActiveCfg = Release|Any CPU
		{0C7455E0-93FE-421C-9C97-53527BF33FDF}.Release|iPhoneSimulator.Build.0 = Release|Any CPU
		{0C7455E0-93FE-421C-9C97-53527BF33FDF}.Release|iPhoneSimulator.Deploy.0 = Release|Any CPU
		{0C7455E0-93FE-421C-9C97-53527BF33FDF}.Release2|Any CPU.ActiveCfg = Release2|Any CPU
		{0C7455E0-93FE-421C-9C97-53527BF33FDF}.Release2|Any CPU.Build.0 = Release2|Any CPU
		{0C7455E0-93FE-421C-9C97-53527BF33FDF}.Release2|Any CPU.Deploy.0 = Release2|Any CPU
		{0C7455E0-93FE-421C-9C97-53527BF33FDF}.Release2|iPhone.ActiveCfg = Release2|Any CPU
		{0C7455E0-93FE-421C-9C97-53527BF33FDF}.Release2|iPhone.Build.0 = Release2|Any CPU
		{0C7455E0-93FE-421C-9C97-53527BF33FDF}.Release2|iPhone.Deploy.0 = Release2|Any CPU
		{0C7455E0-93FE-421C-9C97-53527BF33FDF}.Release2|iPhoneSimulator.ActiveCfg = Release2|Any CPU
		{0C7455E0-93FE-421C-9C97-53527BF33FDF}.Release2|iPhoneSimulator.Build.0 = Release2|Any CPU
		{0C7455E0-93FE-421C-9C97-53527BF33FDF}.Release2|iPhoneSimulator.Deploy.0 = Release2|Any CPU
		{D22A3DBB-5890-49DA-BA0E-B030C9051B87}.Debug|Any CPU.ActiveCfg = Debug|Any CPU
		{D22A3DBB-5890-49DA-BA0E-B030C9051B87}.Debug|Any CPU.Build.0 = Debug|Any CPU
		{D22A3DBB-5890-49DA-BA0E-B030C9051B87}.Debug|iPhone.ActiveCfg = Debug|Any CPU
		{D22A3DBB-5890-49DA-BA0E-B030C9051B87}.Debug|iPhone.Build.0 = Debug|Any CPU
		{D22A3DBB-5890-49DA-BA0E-B030C9051B87}.Debug|iPhoneSimulator.ActiveCfg = Debug|Any CPU
		{D22A3DBB-5890-49DA-BA0E-B030C9051B87}.Debug|iPhoneSimulator.Build.0 = Debug|Any CPU
		{D22A3DBB-5890-49DA-BA0E-B030C9051B87}.Release|Any CPU.ActiveCfg = Release|Any CPU
		{D22A3DBB-5890-49DA-BA0E-B030C9051B87}.Release|Any CPU.Build.0 = Release|Any CPU
		{D22A3DBB-5890-49DA-BA0E-B030C9051B87}.Release|iPhone.ActiveCfg = Release|Any CPU
		{D22A3DBB-5890-49DA-BA0E-B030C9051B87}.Release|iPhone.Build.0 = Release|Any CPU
		{D22A3DBB-5890-49DA-BA0E-B030C9051B87}.Release|iPhoneSimulator.ActiveCfg = Release|Any CPU
		{D22A3DBB-5890-49DA-BA0E-B030C9051B87}.Release|iPhoneSimulator.Build.0 = Release|Any CPU
		{D22A3DBB-5890-49DA-BA0E-B030C9051B87}.Release2|Any CPU.ActiveCfg = Debug|Any CPU
		{D22A3DBB-5890-49DA-BA0E-B030C9051B87}.Release2|Any CPU.Build.0 = Debug|Any CPU
		{D22A3DBB-5890-49DA-BA0E-B030C9051B87}.Release2|iPhone.ActiveCfg = Debug|Any CPU
		{D22A3DBB-5890-49DA-BA0E-B030C9051B87}.Release2|iPhone.Build.0 = Debug|Any CPU
		{D22A3DBB-5890-49DA-BA0E-B030C9051B87}.Release2|iPhoneSimulator.ActiveCfg = Debug|Any CPU
		{D22A3DBB-5890-49DA-BA0E-B030C9051B87}.Release2|iPhoneSimulator.Build.0 = Debug|Any CPU
	EndGlobalSection
	GlobalSection(SolutionProperties) = preSolution
		HideSolutionNode = FALSE
	EndGlobalSection
	GlobalSection(ExtensibilityGlobals) = postSolution
		SolutionGuid = {BFCE65AA-485A-43A5-9362-9C91630F8DCF}
	EndGlobalSection
EndGlobal
